// !$*UTF8*$!
{
	archiveVersion = 1;
	classes = {
	};
	objectVersion = 50;
	objects = {

/* Begin PBXBuildFile section */
		2E0803192090E40000DF30E1 /* Interface.storyboard in Resources */ = {isa = PBXBuildFile; fileRef = 2E0803172090E40000DF30E1 /* Interface.storyboard */; };
		2E0803222090E40100DF30E1 /* Open2FA Watch Extension.appex in Embed App Extensions */ = {isa = PBXBuildFile; fileRef = 2E0803212090E40100DF30E1 /* Open2FA Watch Extension.appex */; settings = {ATTRIBUTES = (RemoveHeadersOnCopy, ); }; };
		2E0803282090E40100DF30E1 /* InterfaceController.m in Sources */ = {isa = PBXBuildFile; fileRef = 2E0803272090E40100DF30E1 /* InterfaceController.m */; };
		2E08032B2090E40100DF30E1 /* ExtensionDelegate.m in Sources */ = {isa = PBXBuildFile; fileRef = 2E08032A2090E40100DF30E1 /* ExtensionDelegate.m */; };
		2E0803312090E40200DF30E1 /* Open2FA Watch.app in Embed Watch Content */ = {isa = PBXBuildFile; fileRef = 2E0803152090E40000DF30E1 /* Open2FA Watch.app */; };
		2E08033D2090FE5400DF30E1 /* TokenWatchRow.m in Sources */ = {isa = PBXBuildFile; fileRef = 2E08033C2090FE5400DF30E1 /* TokenWatchRow.m */; };
		2E08034020915B4100DF30E1 /* TokenStore.m in Sources */ = {isa = PBXBuildFile; fileRef = 2EAF8014207D3496006E889E /* TokenStore.m */; };
		2E08034120915B9E00DF30E1 /* Token.m in Sources */ = {isa = PBXBuildFile; fileRef = 2EF6E7A120742299001DB731 /* Token.m */; };
		2E08034320915CC600DF30E1 /* NSString+Open2FA.m in Sources */ = {isa = PBXBuildFile; fileRef = 2EAF80222084FCB3006E889E /* NSString+Open2FA.m */; };
		2E08034520915D4D00DF30E1 /* Base32.m in Sources */ = {isa = PBXBuildFile; fileRef = 2EAF801E207FD444006E889E /* Base32.m */; };
		2E5C31862094B78C00C8B710 /* Base32Tests.m in Sources */ = {isa = PBXBuildFile; fileRef = 2E5C31852094B78C00C8B710 /* Base32Tests.m */; };
		2E8FFE8220769728004F1C7A /* TokenViewController.m in Sources */ = {isa = PBXBuildFile; fileRef = 2E8FFE8120769728004F1C7A /* TokenViewController.m */; };
		2EAF8015207D3496006E889E /* TokenStore.m in Sources */ = {isa = PBXBuildFile; fileRef = 2EAF8014207D3496006E889E /* TokenStore.m */; };
		2EAF8019207D3BF8006E889E /* TokenTableViewCell.m in Sources */ = {isa = PBXBuildFile; fileRef = 2EAF8018207D3BF8006E889E /* TokenTableViewCell.m */; };
		2EAF801F207FD444006E889E /* Base32.m in Sources */ = {isa = PBXBuildFile; fileRef = 2EAF801E207FD444006E889E /* Base32.m */; };
		2EAF80232084FCB3006E889E /* NSString+Open2FA.m in Sources */ = {isa = PBXBuildFile; fileRef = 2EAF80222084FCB3006E889E /* NSString+Open2FA.m */; };
		2EAF8026208630A1006E889E /* UIColor+Open2FA.m in Sources */ = {isa = PBXBuildFile; fileRef = 2EAF8025208630A1006E889E /* UIColor+Open2FA.m */; };
		2EAF802920864BBC006E889E /* ScanViewController.m in Sources */ = {isa = PBXBuildFile; fileRef = 2EAF802820864BBC006E889E /* ScanViewController.m */; };
		2ECC46C72074027300C67388 /* AppDelegate.m in Sources */ = {isa = PBXBuildFile; fileRef = 2ECC46C62074027300C67388 /* AppDelegate.m */; };
		2ECC46CD2074027300C67388 /* Main.storyboard in Resources */ = {isa = PBXBuildFile; fileRef = 2ECC46CB2074027300C67388 /* Main.storyboard */; };
		2ECC46D22074027400C67388 /* LaunchScreen.storyboard in Resources */ = {isa = PBXBuildFile; fileRef = 2ECC46D02074027400C67388 /* LaunchScreen.storyboard */; };
		2ECC46D52074027400C67388 /* main.m in Sources */ = {isa = PBXBuildFile; fileRef = 2ECC46D42074027400C67388 /* main.m */; };
		2ECC46EA2074027400C67388 /* Open2FAUITests.m in Sources */ = {isa = PBXBuildFile; fileRef = 2ECC46E92074027400C67388 /* Open2FAUITests.m */; };
		2ED83522207A740400C7640E /* AddViewController.m in Sources */ = {isa = PBXBuildFile; fileRef = 2ED83521207A740400C7640E /* AddViewController.m */; };
		2EDB73BE20A4B69800C1BD4D /* Assets.xcassets in Resources */ = {isa = PBXBuildFile; fileRef = 2ECC46CE2074027400C67388 /* Assets.xcassets */; };
		2EE3FD9920941CE5006F9D88 /* UIColor+Open2FA.m in Sources */ = {isa = PBXBuildFile; fileRef = 2EAF8025208630A1006E889E /* UIColor+Open2FA.m */; };
		2EE5094620AA17CE00234D35 /* HOTPTokenGenerationTests.m in Sources */ = {isa = PBXBuildFile; fileRef = 2EE5094520AA17CE00234D35 /* HOTPTokenGenerationTests.m */; };
		2EE5094820AA186F00234D35 /* TOTPTokenGenerationTests.m in Sources */ = {isa = PBXBuildFile; fileRef = 2EE5094720AA186F00234D35 /* TOTPTokenGenerationTests.m */; };
		2EE5094A20ACB00800234D35 /* Assets.xcassets in Resources */ = {isa = PBXBuildFile; fileRef = 2ECC46CE2074027400C67388 /* Assets.xcassets */; };
		2EE5094B20ACB00900234D35 /* Assets.xcassets in Resources */ = {isa = PBXBuildFile; fileRef = 2ECC46CE2074027400C67388 /* Assets.xcassets */; };
		2EF6E7A220742299001DB731 /* Token.m in Sources */ = {isa = PBXBuildFile; fileRef = 2EF6E7A120742299001DB731 /* Token.m */; };
/* End PBXBuildFile section */

/* Begin PBXContainerItemProxy section */
		2E0803232090E40100DF30E1 /* PBXContainerItemProxy */ = {
			isa = PBXContainerItemProxy;
			containerPortal = 2ECC46BA2074027300C67388 /* Project object */;
			proxyType = 1;
			remoteGlobalIDString = 2E0803202090E40100DF30E1;
			remoteInfo = "Open2FA Watch Extension";
		};
		2E08032F2090E40200DF30E1 /* PBXContainerItemProxy */ = {
			isa = PBXContainerItemProxy;
			containerPortal = 2ECC46BA2074027300C67388 /* Project object */;
			proxyType = 1;
			remoteGlobalIDString = 2E0803142090E40000DF30E1;
			remoteInfo = "Open2FA Watch";
		};
		2ECC46DB2074027400C67388 /* PBXContainerItemProxy */ = {
			isa = PBXContainerItemProxy;
			containerPortal = 2ECC46BA2074027300C67388 /* Project object */;
			proxyType = 1;
			remoteGlobalIDString = 2ECC46C12074027300C67388;
			remoteInfo = Open2FA;
		};
		2ECC46E62074027400C67388 /* PBXContainerItemProxy */ = {
			isa = PBXContainerItemProxy;
			containerPortal = 2ECC46BA2074027300C67388 /* Project object */;
			proxyType = 1;
			remoteGlobalIDString = 2ECC46C12074027300C67388;
			remoteInfo = Open2FA;
		};
/* End PBXContainerItemProxy section */

/* Begin PBXCopyFilesBuildPhase section */
		2E0803352090E40200DF30E1 /* Embed App Extensions */ = {
			isa = PBXCopyFilesBuildPhase;
			buildActionMask = 2147483647;
			dstPath = "";
			dstSubfolderSpec = 13;
			files = (
				2E0803222090E40100DF30E1 /* Open2FA Watch Extension.appex in Embed App Extensions */,
			);
			name = "Embed App Extensions";
			runOnlyForDeploymentPostprocessing = 0;
		};
		2E0803392090E40200DF30E1 /* Embed Watch Content */ = {
			isa = PBXCopyFilesBuildPhase;
			buildActionMask = 2147483647;
			dstPath = "$(CONTENTS_FOLDER_PATH)/Watch";
			dstSubfolderSpec = 16;
			files = (
				2E0803312090E40200DF30E1 /* Open2FA Watch.app in Embed Watch Content */,
			);
			name = "Embed Watch Content";
			runOnlyForDeploymentPostprocessing = 0;
		};
/* End PBXCopyFilesBuildPhase section */

/* Begin PBXFileReference section */
		2E0803152090E40000DF30E1 /* Open2FA Watch.app */ = {isa = PBXFileReference; explicitFileType = wrapper.application; includeInIndex = 0; path = "Open2FA Watch.app"; sourceTree = BUILT_PRODUCTS_DIR; };
		2E0803182090E40000DF30E1 /* Base */ = {isa = PBXFileReference; lastKnownFileType = file.storyboard; name = Base; path = Base.lproj/Interface.storyboard; sourceTree = "<group>"; };
		2E08031C2090E40100DF30E1 /* Info-watchOS.plist */ = {isa = PBXFileReference; lastKnownFileType = text.plist.xml; path = "Info-watchOS.plist"; sourceTree = "<group>"; };
		2E0803212090E40100DF30E1 /* Open2FA Watch Extension.appex */ = {isa = PBXFileReference; explicitFileType = "wrapper.app-extension"; includeInIndex = 0; path = "Open2FA Watch Extension.appex"; sourceTree = BUILT_PRODUCTS_DIR; };
		2E0803262090E40100DF30E1 /* InterfaceController.h */ = {isa = PBXFileReference; lastKnownFileType = sourcecode.c.h; path = InterfaceController.h; sourceTree = "<group>"; };
		2E0803272090E40100DF30E1 /* InterfaceController.m */ = {isa = PBXFileReference; lastKnownFileType = sourcecode.c.objc; path = InterfaceController.m; sourceTree = "<group>"; };
		2E0803292090E40100DF30E1 /* ExtensionDelegate.h */ = {isa = PBXFileReference; lastKnownFileType = sourcecode.c.h; path = ExtensionDelegate.h; sourceTree = "<group>"; };
		2E08032A2090E40100DF30E1 /* ExtensionDelegate.m */ = {isa = PBXFileReference; lastKnownFileType = sourcecode.c.objc; path = ExtensionDelegate.m; sourceTree = "<group>"; };
		2E08032E2090E40200DF30E1 /* Info-watchOS-ext.plist */ = {isa = PBXFileReference; lastKnownFileType = text.plist.xml; path = "Info-watchOS-ext.plist"; sourceTree = "<group>"; };
		2E08033B2090FE5400DF30E1 /* TokenWatchRow.h */ = {isa = PBXFileReference; lastKnownFileType = sourcecode.c.h; path = TokenWatchRow.h; sourceTree = "<group>"; };
		2E08033C2090FE5400DF30E1 /* TokenWatchRow.m */ = {isa = PBXFileReference; lastKnownFileType = sourcecode.c.objc; path = TokenWatchRow.m; sourceTree = "<group>"; };
		2E5C31852094B78C00C8B710 /* Base32Tests.m */ = {isa = PBXFileReference; lastKnownFileType = sourcecode.c.objc; path = Base32Tests.m; sourceTree = "<group>"; };
		2E8FFE8020769728004F1C7A /* TokenViewController.h */ = {isa = PBXFileReference; lastKnownFileType = sourcecode.c.h; path = TokenViewController.h; sourceTree = "<group>"; };
		2E8FFE8120769728004F1C7A /* TokenViewController.m */ = {isa = PBXFileReference; lastKnownFileType = sourcecode.c.objc; path = TokenViewController.m; sourceTree = "<group>"; };
		2EAF8013207D3496006E889E /* TokenStore.h */ = {isa = PBXFileReference; lastKnownFileType = sourcecode.c.h; path = TokenStore.h; sourceTree = "<group>"; };
		2EAF8014207D3496006E889E /* TokenStore.m */ = {isa = PBXFileReference; lastKnownFileType = sourcecode.c.objc; path = TokenStore.m; sourceTree = "<group>"; };
		2EAF8017207D3BF8006E889E /* TokenTableViewCell.h */ = {isa = PBXFileReference; lastKnownFileType = sourcecode.c.h; path = TokenTableViewCell.h; sourceTree = "<group>"; };
		2EAF8018207D3BF8006E889E /* TokenTableViewCell.m */ = {isa = PBXFileReference; lastKnownFileType = sourcecode.c.objc; path = TokenTableViewCell.m; sourceTree = "<group>"; };
		2EAF801D207FD444006E889E /* Base32.h */ = {isa = PBXFileReference; lastKnownFileType = sourcecode.c.h; path = Base32.h; sourceTree = "<group>"; };
		2EAF801E207FD444006E889E /* Base32.m */ = {isa = PBXFileReference; lastKnownFileType = sourcecode.c.objc; path = Base32.m; sourceTree = "<group>"; };
		2EAF80212084FCB3006E889E /* NSString+Open2FA.h */ = {isa = PBXFileReference; lastKnownFileType = sourcecode.c.h; path = "NSString+Open2FA.h"; sourceTree = "<group>"; };
		2EAF80222084FCB3006E889E /* NSString+Open2FA.m */ = {isa = PBXFileReference; lastKnownFileType = sourcecode.c.objc; path = "NSString+Open2FA.m"; sourceTree = "<group>"; };
		2EAF8024208630A1006E889E /* UIColor+Open2FA.h */ = {isa = PBXFileReference; lastKnownFileType = sourcecode.c.h; path = "UIColor+Open2FA.h"; sourceTree = "<group>"; };
		2EAF8025208630A1006E889E /* UIColor+Open2FA.m */ = {isa = PBXFileReference; lastKnownFileType = sourcecode.c.objc; path = "UIColor+Open2FA.m"; sourceTree = "<group>"; };
		2EAF802720864BBC006E889E /* ScanViewController.h */ = {isa = PBXFileReference; lastKnownFileType = sourcecode.c.h; path = ScanViewController.h; sourceTree = "<group>"; };
		2EAF802820864BBC006E889E /* ScanViewController.m */ = {isa = PBXFileReference; lastKnownFileType = sourcecode.c.objc; path = ScanViewController.m; sourceTree = "<group>"; };
		2EB7D84320B718270008BD94 /* LICENSE.md */ = {isa = PBXFileReference; lastKnownFileType = net.daringfireball.markdown; path = LICENSE.md; sourceTree = "<group>"; };
		2EB7D84420B718650008BD94 /* README.md */ = {isa = PBXFileReference; lastKnownFileType = net.daringfireball.markdown; path = README.md; sourceTree = "<group>"; };
		2ECC46C22074027300C67388 /* Open2FA.app */ = {isa = PBXFileReference; explicitFileType = wrapper.application; includeInIndex = 0; path = Open2FA.app; sourceTree = BUILT_PRODUCTS_DIR; };
		2ECC46C52074027300C67388 /* AppDelegate.h */ = {isa = PBXFileReference; lastKnownFileType = sourcecode.c.h; path = AppDelegate.h; sourceTree = "<group>"; };
		2ECC46C62074027300C67388 /* AppDelegate.m */ = {isa = PBXFileReference; lastKnownFileType = sourcecode.c.objc; path = AppDelegate.m; sourceTree = "<group>"; };
		2ECC46CC2074027300C67388 /* Base */ = {isa = PBXFileReference; lastKnownFileType = file.storyboard; name = Base; path = Base.lproj/Main.storyboard; sourceTree = "<group>"; };
		2ECC46CE2074027400C67388 /* Assets.xcassets */ = {isa = PBXFileReference; lastKnownFileType = folder.assetcatalog; path = Assets.xcassets; sourceTree = "<group>"; };
		2ECC46D12074027400C67388 /* Base */ = {isa = PBXFileReference; lastKnownFileType = file.storyboard; name = Base; path = Base.lproj/LaunchScreen.storyboard; sourceTree = "<group>"; };
		2ECC46D32074027400C67388 /* Info-iOS.plist */ = {isa = PBXFileReference; lastKnownFileType = text.plist.xml; path = "Info-iOS.plist"; sourceTree = "<group>"; };
		2ECC46D42074027400C67388 /* main.m */ = {isa = PBXFileReference; lastKnownFileType = sourcecode.c.objc; path = main.m; sourceTree = "<group>"; };
		2ECC46DA2074027400C67388 /* Open2FATests.xctest */ = {isa = PBXFileReference; explicitFileType = wrapper.cfbundle; includeInIndex = 0; path = Open2FATests.xctest; sourceTree = BUILT_PRODUCTS_DIR; };
		2ECC46E02074027400C67388 /* Info.plist */ = {isa = PBXFileReference; lastKnownFileType = text.plist.xml; path = Info.plist; sourceTree = "<group>"; };
		2ECC46E52074027400C67388 /* Open2FAUITests.xctest */ = {isa = PBXFileReference; explicitFileType = wrapper.cfbundle; includeInIndex = 0; path = Open2FAUITests.xctest; sourceTree = BUILT_PRODUCTS_DIR; };
		2ECC46E92074027400C67388 /* Open2FAUITests.m */ = {isa = PBXFileReference; lastKnownFileType = sourcecode.c.objc; path = Open2FAUITests.m; sourceTree = "<group>"; };
		2ECC46EB2074027400C67388 /* Info.plist */ = {isa = PBXFileReference; lastKnownFileType = text.plist.xml; path = Info.plist; sourceTree = "<group>"; };
		2ED83520207A740400C7640E /* AddViewController.h */ = {isa = PBXFileReference; lastKnownFileType = sourcecode.c.h; path = AddViewController.h; sourceTree = "<group>"; };
		2ED83521207A740400C7640E /* AddViewController.m */ = {isa = PBXFileReference; lastKnownFileType = sourcecode.c.objc; path = AddViewController.m; sourceTree = "<group>"; };
		2EE5094520AA17CE00234D35 /* HOTPTokenGenerationTests.m */ = {isa = PBXFileReference; lastKnownFileType = sourcecode.c.objc; path = HOTPTokenGenerationTests.m; sourceTree = "<group>"; };
		2EE5094720AA186F00234D35 /* TOTPTokenGenerationTests.m */ = {isa = PBXFileReference; lastKnownFileType = sourcecode.c.objc; path = TOTPTokenGenerationTests.m; sourceTree = "<group>"; };
		2EF6E7A020742299001DB731 /* Token.h */ = {isa = PBXFileReference; lastKnownFileType = sourcecode.c.h; path = Token.h; sourceTree = "<group>"; };
		2EF6E7A120742299001DB731 /* Token.m */ = {isa = PBXFileReference; lastKnownFileType = sourcecode.c.objc; path = Token.m; sourceTree = "<group>"; };
/* End PBXFileReference section */

/* Begin PBXFrameworksBuildPhase section */
		2E08031E2090E40100DF30E1 /* Frameworks */ = {
			isa = PBXFrameworksBuildPhase;
			buildActionMask = 2147483647;
			files = (
			);
			runOnlyForDeploymentPostprocessing = 0;
		};
		2ECC46BF2074027300C67388 /* Frameworks */ = {
			isa = PBXFrameworksBuildPhase;
			buildActionMask = 2147483647;
			files = (
			);
			runOnlyForDeploymentPostprocessing = 0;
		};
		2ECC46D72074027400C67388 /* Frameworks */ = {
			isa = PBXFrameworksBuildPhase;
			buildActionMask = 2147483647;
			files = (
			);
			runOnlyForDeploymentPostprocessing = 0;
		};
		2ECC46E22074027400C67388 /* Frameworks */ = {
			isa = PBXFrameworksBuildPhase;
			buildActionMask = 2147483647;
			files = (
			);
			runOnlyForDeploymentPostprocessing = 0;
		};
/* End PBXFrameworksBuildPhase section */

/* Begin PBXGroup section */
		2E0803162090E40000DF30E1 /* Open2FA Watch App */ = {
			isa = PBXGroup;
			children = (
				2E0803172090E40000DF30E1 /* Interface.storyboard */,
				2E08031C2090E40100DF30E1 /* Info-watchOS.plist */,
			);
			path = "Open2FA Watch App";
			sourceTree = "<group>";
		};
		2E0803252090E40100DF30E1 /* Open2FA Watch Extension */ = {
			isa = PBXGroup;
			children = (
				2E08032E2090E40200DF30E1 /* Info-watchOS-ext.plist */,
				2E0803262090E40100DF30E1 /* InterfaceController.h */,
				2E0803272090E40100DF30E1 /* InterfaceController.m */,
				2E0803292090E40100DF30E1 /* ExtensionDelegate.h */,
				2E08032A2090E40100DF30E1 /* ExtensionDelegate.m */,
				2E08033B2090FE5400DF30E1 /* TokenWatchRow.h */,
				2E08033C2090FE5400DF30E1 /* TokenWatchRow.m */,
			);
			path = "Open2FA Watch Extension";
			sourceTree = "<group>";
		};
		2E08033A2090E46700DF30E1 /* Supporting Files */ = {
			isa = PBXGroup;
			children = (
				2ECC46C52074027300C67388 /* AppDelegate.h */,
				2ECC46C62074027300C67388 /* AppDelegate.m */,
				2ECC46D42074027400C67388 /* main.m */,
			);
			path = "Supporting Files";
			sourceTree = "<group>";
		};
		2E8FFE7F2076968C004F1C7A /* ViewControllers */ = {
			isa = PBXGroup;
			children = (
				2E8FFE8020769728004F1C7A /* TokenViewController.h */,
				2E8FFE8120769728004F1C7A /* TokenViewController.m */,
				2ED83520207A740400C7640E /* AddViewController.h */,
				2ED83521207A740400C7640E /* AddViewController.m */,
				2EAF802720864BBC006E889E /* ScanViewController.h */,
				2EAF802820864BBC006E889E /* ScanViewController.m */,
			);
			path = ViewControllers;
			sourceTree = "<group>";
		};
		2EAF8016207D3BDA006E889E /* Views */ = {
			isa = PBXGroup;
			children = (
				2EAF8017207D3BF8006E889E /* TokenTableViewCell.h */,
				2EAF8018207D3BF8006E889E /* TokenTableViewCell.m */,
			);
			path = Views;
			sourceTree = "<group>";
		};
		2EAF80202084FC66006E889E /* Categories */ = {
			isa = PBXGroup;
			children = (
				2EAF8024208630A1006E889E /* UIColor+Open2FA.h */,
				2EAF8025208630A1006E889E /* UIColor+Open2FA.m */,
				2EAF80212084FCB3006E889E /* NSString+Open2FA.h */,
				2EAF80222084FCB3006E889E /* NSString+Open2FA.m */,
			);
			path = Categories;
			sourceTree = "<group>";
		};
		2ECC46B92074027300C67388 = {
			isa = PBXGroup;
			children = (
				2EB7D84420B718650008BD94 /* README.md */,
				2EB7D84320B718270008BD94 /* LICENSE.md */,
				2EE3FD9820941CD6006F9D88 /* Common */,
				2ECC46C42074027300C67388 /* Open2FA iOS */,
				2EE5094920ACAEDA00234D35 /* Open2FA watchOS */,
				2ECC46DD2074027400C67388 /* Open2FATests */,
				2ECC46E82074027400C67388 /* Open2FAUITests */,
				2ECC46C32074027300C67388 /* Products */,
			);
			sourceTree = "<group>";
		};
		2ECC46C32074027300C67388 /* Products */ = {
			isa = PBXGroup;
			children = (
				2ECC46C22074027300C67388 /* Open2FA.app */,
				2ECC46DA2074027400C67388 /* Open2FATests.xctest */,
				2ECC46E52074027400C67388 /* Open2FAUITests.xctest */,
				2E0803152090E40000DF30E1 /* Open2FA Watch.app */,
				2E0803212090E40100DF30E1 /* Open2FA Watch Extension.appex */,
			);
			name = Products;
			sourceTree = "<group>";
		};
		2ECC46C42074027300C67388 /* Open2FA iOS */ = {
			isa = PBXGroup;
			children = (
				2ECC46D32074027400C67388 /* Info-iOS.plist */,
				2E08033A2090E46700DF30E1 /* Supporting Files */,
				2EAF8016207D3BDA006E889E /* Views */,
				2E8FFE7F2076968C004F1C7A /* ViewControllers */,
				2ECC46D02074027400C67388 /* LaunchScreen.storyboard */,
				2ECC46CB2074027300C67388 /* Main.storyboard */,
			);
			path = "Open2FA iOS";
			sourceTree = "<group>";
		};
		2ECC46DD2074027400C67388 /* Open2FATests */ = {
			isa = PBXGroup;
			children = (
				2ECC46E02074027400C67388 /* Info.plist */,
				2EE5094520AA17CE00234D35 /* HOTPTokenGenerationTests.m */,
				2EE5094720AA186F00234D35 /* TOTPTokenGenerationTests.m */,
				2E5C31852094B78C00C8B710 /* Base32Tests.m */,
			);
			path = Open2FATests;
			sourceTree = "<group>";
		};
		2ECC46E82074027400C67388 /* Open2FAUITests */ = {
			isa = PBXGroup;
			children = (
				2ECC46E92074027400C67388 /* Open2FAUITests.m */,
				2ECC46EB2074027400C67388 /* Info.plist */,
			);
			path = Open2FAUITests;
			sourceTree = "<group>";
		};
		2EE3FD9820941CD6006F9D88 /* Common */ = {
			isa = PBXGroup;
			children = (
				2ECC46CE2074027400C67388 /* Assets.xcassets */,
				2EAF801D207FD444006E889E /* Base32.h */,
				2EAF801E207FD444006E889E /* Base32.m */,
				2EAF80202084FC66006E889E /* Categories */,
				2EF6E79F2074225B001DB731 /* Models */,
			);
			path = Common;
			sourceTree = "<group>";
		};
		2EE5094920ACAEDA00234D35 /* Open2FA watchOS */ = {
			isa = PBXGroup;
			children = (
				2E0803162090E40000DF30E1 /* Open2FA Watch App */,
				2E0803252090E40100DF30E1 /* Open2FA Watch Extension */,
			);
			path = "Open2FA watchOS";
			sourceTree = "<group>";
		};
		2EF6E79F2074225B001DB731 /* Models */ = {
			isa = PBXGroup;
			children = (
				2EF6E7A020742299001DB731 /* Token.h */,
				2EF6E7A120742299001DB731 /* Token.m */,
				2EAF8013207D3496006E889E /* TokenStore.h */,
				2EAF8014207D3496006E889E /* TokenStore.m */,
			);
			path = Models;
			sourceTree = "<group>";
		};
/* End PBXGroup section */

/* Begin PBXNativeTarget section */
		2E0803142090E40000DF30E1 /* Open2FA Watch */ = {
			isa = PBXNativeTarget;
			buildConfigurationList = 2E0803362090E40200DF30E1 /* Build configuration list for PBXNativeTarget "Open2FA Watch" */;
			buildPhases = (
				2E0803132090E40000DF30E1 /* Resources */,
				2E0803352090E40200DF30E1 /* Embed App Extensions */,
			);
			buildRules = (
			);
			dependencies = (
				2E0803242090E40100DF30E1 /* PBXTargetDependency */,
			);
			name = "Open2FA Watch";
			productName = "Open2FA Watch";
			productReference = 2E0803152090E40000DF30E1 /* Open2FA Watch.app */;
			productType = "com.apple.product-type.application.watchapp2";
		};
		2E0803202090E40100DF30E1 /* Open2FA Watch Extension */ = {
			isa = PBXNativeTarget;
			buildConfigurationList = 2E0803322090E40200DF30E1 /* Build configuration list for PBXNativeTarget "Open2FA Watch Extension" */;
			buildPhases = (
				2E08031D2090E40100DF30E1 /* Sources */,
				2E08031E2090E40100DF30E1 /* Frameworks */,
				2E08031F2090E40100DF30E1 /* Resources */,
			);
			buildRules = (
			);
			dependencies = (
			);
			name = "Open2FA Watch Extension";
			productName = "Open2FA Watch Extension";
			productReference = 2E0803212090E40100DF30E1 /* Open2FA Watch Extension.appex */;
			productType = "com.apple.product-type.watchkit2-extension";
		};
		2ECC46C12074027300C67388 /* Open2FA */ = {
			isa = PBXNativeTarget;
			buildConfigurationList = 2ECC46EE2074027400C67388 /* Build configuration list for PBXNativeTarget "Open2FA" */;
			buildPhases = (
				2ECC46BE2074027300C67388 /* Sources */,
				2ECC46BF2074027300C67388 /* Frameworks */,
				2ECC46C02074027300C67388 /* Resources */,
				2E0803392090E40200DF30E1 /* Embed Watch Content */,
			);
			buildRules = (
			);
			dependencies = (
				2E0803302090E40200DF30E1 /* PBXTargetDependency */,
			);
			name = Open2FA;
			productName = Open2FA;
			productReference = 2ECC46C22074027300C67388 /* Open2FA.app */;
			productType = "com.apple.product-type.application";
		};
		2ECC46D92074027400C67388 /* Open2FATests */ = {
			isa = PBXNativeTarget;
			buildConfigurationList = 2ECC46F12074027400C67388 /* Build configuration list for PBXNativeTarget "Open2FATests" */;
			buildPhases = (
				2ECC46D62074027400C67388 /* Sources */,
				2ECC46D72074027400C67388 /* Frameworks */,
				2ECC46D82074027400C67388 /* Resources */,
			);
			buildRules = (
			);
			dependencies = (
				2ECC46DC2074027400C67388 /* PBXTargetDependency */,
			);
			name = Open2FATests;
			productName = Open2FATests;
			productReference = 2ECC46DA2074027400C67388 /* Open2FATests.xctest */;
			productType = "com.apple.product-type.bundle.unit-test";
		};
		2ECC46E42074027400C67388 /* Open2FAUITests */ = {
			isa = PBXNativeTarget;
			buildConfigurationList = 2ECC46F42074027400C67388 /* Build configuration list for PBXNativeTarget "Open2FAUITests" */;
			buildPhases = (
				2ECC46E12074027400C67388 /* Sources */,
				2ECC46E22074027400C67388 /* Frameworks */,
				2ECC46E32074027400C67388 /* Resources */,
			);
			buildRules = (
			);
			dependencies = (
				2ECC46E72074027400C67388 /* PBXTargetDependency */,
			);
			name = Open2FAUITests;
			productName = Open2FAUITests;
			productReference = 2ECC46E52074027400C67388 /* Open2FAUITests.xctest */;
			productType = "com.apple.product-type.bundle.ui-testing";
		};
/* End PBXNativeTarget section */

/* Begin PBXProject section */
		2ECC46BA2074027300C67388 /* Project object */ = {
			isa = PBXProject;
			attributes = {
				LastUpgradeCheck = 0930;
				ORGANIZATIONNAME = "Andrew Fischer";
				TargetAttributes = {
					2E0803142090E40000DF30E1 = {
						CreatedOnToolsVersion = 9.3;
					};
					2E0803202090E40100DF30E1 = {
						CreatedOnToolsVersion = 9.3;
						SystemCapabilities = {
							com.apple.ApplicationGroups.iOS = {
								enabled = 0;
							};
						};
					};
					2ECC46C12074027300C67388 = {
						CreatedOnToolsVersion = 9.3;
						SystemCapabilities = {
							com.apple.ApplicationGroups.iOS = {
								enabled = 0;
							};
						};
					};
					2ECC46D92074027400C67388 = {
						CreatedOnToolsVersion = 9.3;
						TestTargetID = 2ECC46C12074027300C67388;
					};
					2ECC46E42074027400C67388 = {
						CreatedOnToolsVersion = 9.3;
						TestTargetID = 2ECC46C12074027300C67388;
					};
				};
			};
			buildConfigurationList = 2ECC46BD2074027300C67388 /* Build configuration list for PBXProject "Open2FA" */;
			compatibilityVersion = "Xcode 9.3";
			developmentRegion = en;
			hasScannedForEncodings = 0;
			knownRegions = (
				en,
				Base,
			);
			mainGroup = 2ECC46B92074027300C67388;
			productRefGroup = 2ECC46C32074027300C67388 /* Products */;
			projectDirPath = "";
			projectRoot = "";
			targets = (
				2ECC46C12074027300C67388 /* Open2FA */,
				2E0803142090E40000DF30E1 /* Open2FA Watch */,
				2E0803202090E40100DF30E1 /* Open2FA Watch Extension */,
				2ECC46D92074027400C67388 /* Open2FATests */,
				2ECC46E42074027400C67388 /* Open2FAUITests */,
			);
		};
/* End PBXProject section */

/* Begin PBXResourcesBuildPhase section */
		2E0803132090E40000DF30E1 /* Resources */ = {
			isa = PBXResourcesBuildPhase;
			buildActionMask = 2147483647;
			files = (
				2EE5094B20ACB00900234D35 /* Assets.xcassets in Resources */,
				2E0803192090E40000DF30E1 /* Interface.storyboard in Resources */,
			);
			runOnlyForDeploymentPostprocessing = 0;
		};
		2E08031F2090E40100DF30E1 /* Resources */ = {
			isa = PBXResourcesBuildPhase;
			buildActionMask = 2147483647;
			files = (
				2EE5094A20ACB00800234D35 /* Assets.xcassets in Resources */,
			);
			runOnlyForDeploymentPostprocessing = 0;
		};
		2ECC46C02074027300C67388 /* Resources */ = {
			isa = PBXResourcesBuildPhase;
			buildActionMask = 2147483647;
			files = (
				2EDB73BE20A4B69800C1BD4D /* Assets.xcassets in Resources */,
				2ECC46D22074027400C67388 /* LaunchScreen.storyboard in Resources */,
				2ECC46CD2074027300C67388 /* Main.storyboard in Resources */,
			);
			runOnlyForDeploymentPostprocessing = 0;
		};
		2ECC46D82074027400C67388 /* Resources */ = {
			isa = PBXResourcesBuildPhase;
			buildActionMask = 2147483647;
			files = (
			);
			runOnlyForDeploymentPostprocessing = 0;
		};
		2ECC46E32074027400C67388 /* Resources */ = {
			isa = PBXResourcesBuildPhase;
			buildActionMask = 2147483647;
			files = (
			);
			runOnlyForDeploymentPostprocessing = 0;
		};
/* End PBXResourcesBuildPhase section */

/* Begin PBXSourcesBuildPhase section */
		2E08031D2090E40100DF30E1 /* Sources */ = {
			isa = PBXSourcesBuildPhase;
			buildActionMask = 2147483647;
			files = (
				2E08033D2090FE5400DF30E1 /* TokenWatchRow.m in Sources */,
				2E08034120915B9E00DF30E1 /* Token.m in Sources */,
				2E08034020915B4100DF30E1 /* TokenStore.m in Sources */,
				2EE3FD9920941CE5006F9D88 /* UIColor+Open2FA.m in Sources */,
				2E08032B2090E40100DF30E1 /* ExtensionDelegate.m in Sources */,
				2E08034520915D4D00DF30E1 /* Base32.m in Sources */,
				2E08034320915CC600DF30E1 /* NSString+Open2FA.m in Sources */,
				2E0803282090E40100DF30E1 /* InterfaceController.m in Sources */,
			);
			runOnlyForDeploymentPostprocessing = 0;
		};
		2ECC46BE2074027300C67388 /* Sources */ = {
			isa = PBXSourcesBuildPhase;
			buildActionMask = 2147483647;
			files = (
				2EAF8015207D3496006E889E /* TokenStore.m in Sources */,
				2ECC46D52074027400C67388 /* main.m in Sources */,
				2EAF80232084FCB3006E889E /* NSString+Open2FA.m in Sources */,
				2EAF8019207D3BF8006E889E /* TokenTableViewCell.m in Sources */,
				2ED83522207A740400C7640E /* AddViewController.m in Sources */,
				2E8FFE8220769728004F1C7A /* TokenViewController.m in Sources */,
				2EAF802920864BBC006E889E /* ScanViewController.m in Sources */,
				2EAF801F207FD444006E889E /* Base32.m in Sources */,
				2ECC46C72074027300C67388 /* AppDelegate.m in Sources */,
				2EF6E7A220742299001DB731 /* Token.m in Sources */,
				2EAF8026208630A1006E889E /* UIColor+Open2FA.m in Sources */,
			);
			runOnlyForDeploymentPostprocessing = 0;
		};
		2ECC46D62074027400C67388 /* Sources */ = {
			isa = PBXSourcesBuildPhase;
			buildActionMask = 2147483647;
			files = (
				2EE5094820AA186F00234D35 /* TOTPTokenGenerationTests.m in Sources */,
				2E5C31862094B78C00C8B710 /* Base32Tests.m in Sources */,
				2EE5094620AA17CE00234D35 /* HOTPTokenGenerationTests.m in Sources */,
			);
			runOnlyForDeploymentPostprocessing = 0;
		};
		2ECC46E12074027400C67388 /* Sources */ = {
			isa = PBXSourcesBuildPhase;
			buildActionMask = 2147483647;
			files = (
				2ECC46EA2074027400C67388 /* Open2FAUITests.m in Sources */,
			);
			runOnlyForDeploymentPostprocessing = 0;
		};
/* End PBXSourcesBuildPhase section */

/* Begin PBXTargetDependency section */
		2E0803242090E40100DF30E1 /* PBXTargetDependency */ = {
			isa = PBXTargetDependency;
			target = 2E0803202090E40100DF30E1 /* Open2FA Watch Extension */;
			targetProxy = 2E0803232090E40100DF30E1 /* PBXContainerItemProxy */;
		};
		2E0803302090E40200DF30E1 /* PBXTargetDependency */ = {
			isa = PBXTargetDependency;
			target = 2E0803142090E40000DF30E1 /* Open2FA Watch */;
			targetProxy = 2E08032F2090E40200DF30E1 /* PBXContainerItemProxy */;
		};
		2ECC46DC2074027400C67388 /* PBXTargetDependency */ = {
			isa = PBXTargetDependency;
			target = 2ECC46C12074027300C67388 /* Open2FA */;
			targetProxy = 2ECC46DB2074027400C67388 /* PBXContainerItemProxy */;
		};
		2ECC46E72074027400C67388 /* PBXTargetDependency */ = {
			isa = PBXTargetDependency;
			target = 2ECC46C12074027300C67388 /* Open2FA */;
			targetProxy = 2ECC46E62074027400C67388 /* PBXContainerItemProxy */;
		};
/* End PBXTargetDependency section */

/* Begin PBXVariantGroup section */
		2E0803172090E40000DF30E1 /* Interface.storyboard */ = {
			isa = PBXVariantGroup;
			children = (
				2E0803182090E40000DF30E1 /* Base */,
			);
			name = Interface.storyboard;
			sourceTree = "<group>";
		};
		2ECC46CB2074027300C67388 /* Main.storyboard */ = {
			isa = PBXVariantGroup;
			children = (
				2ECC46CC2074027300C67388 /* Base */,
			);
			name = Main.storyboard;
			sourceTree = "<group>";
		};
		2ECC46D02074027400C67388 /* LaunchScreen.storyboard */ = {
			isa = PBXVariantGroup;
			children = (
				2ECC46D12074027400C67388 /* Base */,
			);
			name = LaunchScreen.storyboard;
			sourceTree = "<group>";
		};
/* End PBXVariantGroup section */

/* Begin XCBuildConfiguration section */
		2E0803332090E40200DF30E1 /* Debug */ = {
			isa = XCBuildConfiguration;
			buildSettings = {
				ASSETCATALOG_COMPILER_COMPLICATION_NAME = Complication;
				CODE_SIGN_STYLE = Automatic;
				DEVELOPMENT_TEAM = VJ2YH44BQ3;
				INFOPLIST_FILE = "$(SRCROOT)/Open2FA watchOS/Open2FA Watch Extension/Info-watchOS-ext.plist";
				LD_RUNPATH_SEARCH_PATHS = (
					"$(inherited)",
					"@executable_path/Frameworks",
					"@executable_path/../../Frameworks",
				);
				PRODUCT_BUNDLE_IDENTIFIER = me.andrewfischer.Open2FA.watchOS.watchkitextension;
				PRODUCT_NAME = "${TARGET_NAME}";
				SDKROOT = watchos;
				SKIP_INSTALL = YES;
				TARGETED_DEVICE_FAMILY = 4;
				WATCHOS_DEPLOYMENT_TARGET = 4.3;
			};
			name = Debug;
		};
		2E0803342090E40200DF30E1 /* Release */ = {
			isa = XCBuildConfiguration;
			buildSettings = {
				ASSETCATALOG_COMPILER_COMPLICATION_NAME = Complication;
				CODE_SIGN_STYLE = Automatic;
				DEVELOPMENT_TEAM = VJ2YH44BQ3;
				INFOPLIST_FILE = "$(SRCROOT)/Open2FA watchOS/Open2FA Watch Extension/Info-watchOS-ext.plist";
				LD_RUNPATH_SEARCH_PATHS = (
					"$(inherited)",
					"@executable_path/Frameworks",
					"@executable_path/../../Frameworks",
				);
				PRODUCT_BUNDLE_IDENTIFIER = me.andrewfischer.Open2FA.watchOS.watchkitextension;
				PRODUCT_NAME = "${TARGET_NAME}";
				SDKROOT = watchos;
				SKIP_INSTALL = YES;
				TARGETED_DEVICE_FAMILY = 4;
				WATCHOS_DEPLOYMENT_TARGET = 4.3;
			};
			name = Release;
		};
		2E0803372090E40200DF30E1 /* Debug */ = {
			isa = XCBuildConfiguration;
			buildSettings = {
				ASSETCATALOG_COMPILER_APPICON_NAME = AppIcon;
				CODE_SIGN_STYLE = Automatic;
				DEVELOPMENT_TEAM = VJ2YH44BQ3;
				IBSC_MODULE = Open2FA_Watch_Extension;
				INFOPLIST_FILE = "$(SRCROOT)/Open2FA watchOS/Open2FA Watch App/Info-watchOS.plist";
				PRODUCT_BUNDLE_IDENTIFIER = me.andrewfischer.Open2FA.watchOS;
				PRODUCT_NAME = "$(TARGET_NAME)";
				SDKROOT = watchos;
				SKIP_INSTALL = YES;
				TARGETED_DEVICE_FAMILY = 4;
				WATCHOS_DEPLOYMENT_TARGET = 4.3;
			};
			name = Debug;
		};
		2E0803382090E40200DF30E1 /* Release */ = {
			isa = XCBuildConfiguration;
			buildSettings = {
				ASSETCATALOG_COMPILER_APPICON_NAME = AppIcon;
				CODE_SIGN_STYLE = Automatic;
				DEVELOPMENT_TEAM = VJ2YH44BQ3;
				IBSC_MODULE = Open2FA_Watch_Extension;
				INFOPLIST_FILE = "$(SRCROOT)/Open2FA watchOS/Open2FA Watch App/Info-watchOS.plist";
				PRODUCT_BUNDLE_IDENTIFIER = me.andrewfischer.Open2FA.watchOS;
				PRODUCT_NAME = "$(TARGET_NAME)";
				SDKROOT = watchos;
				SKIP_INSTALL = YES;
				TARGETED_DEVICE_FAMILY = 4;
				WATCHOS_DEPLOYMENT_TARGET = 4.3;
			};
			name = Release;
		};
		2ECC46EC2074027400C67388 /* Debug */ = {
			isa = XCBuildConfiguration;
			buildSettings = {
				ALWAYS_SEARCH_USER_PATHS = NO;
				CLANG_ANALYZER_NONNULL = YES;
				CLANG_ANALYZER_NUMBER_OBJECT_CONVERSION = YES_AGGRESSIVE;
				CLANG_CXX_LANGUAGE_STANDARD = "gnu++14";
				CLANG_CXX_LIBRARY = "libc++";
				CLANG_ENABLE_MODULES = YES;
				CLANG_ENABLE_OBJC_ARC = YES;
				CLANG_ENABLE_OBJC_WEAK = YES;
				CLANG_WARN_BLOCK_CAPTURE_AUTORELEASING = YES;
				CLANG_WARN_BOOL_CONVERSION = YES;
				CLANG_WARN_COMMA = YES;
				CLANG_WARN_CONSTANT_CONVERSION = YES;
				CLANG_WARN_DEPRECATED_OBJC_IMPLEMENTATIONS = YES;
				CLANG_WARN_DIRECT_OBJC_ISA_USAGE = YES_ERROR;
				CLANG_WARN_DOCUMENTATION_COMMENTS = YES;
				CLANG_WARN_EMPTY_BODY = YES;
				CLANG_WARN_ENUM_CONVERSION = YES;
				CLANG_WARN_INFINITE_RECURSION = YES;
				CLANG_WARN_INT_CONVERSION = YES;
				CLANG_WARN_NON_LITERAL_NULL_CONVERSION = YES;
				CLANG_WARN_OBJC_IMPLICIT_RETAIN_SELF = YES;
				CLANG_WARN_OBJC_LITERAL_CONVERSION = YES;
				CLANG_WARN_OBJC_ROOT_CLASS = YES_ERROR;
				CLANG_WARN_RANGE_LOOP_ANALYSIS = YES;
				CLANG_WARN_STRICT_PROTOTYPES = YES;
				CLANG_WARN_SUSPICIOUS_MOVE = YES;
				CLANG_WARN_UNGUARDED_AVAILABILITY = YES_AGGRESSIVE;
				CLANG_WARN_UNREACHABLE_CODE = YES;
				CLANG_WARN__DUPLICATE_METHOD_MATCH = YES;
				CODE_SIGN_IDENTITY = "iPhone Developer";
				COPY_PHASE_STRIP = NO;
				DEBUG_INFORMATION_FORMAT = dwarf;
				ENABLE_STRICT_OBJC_MSGSEND = YES;
				ENABLE_TESTABILITY = YES;
				GCC_C_LANGUAGE_STANDARD = gnu11;
				GCC_DYNAMIC_NO_PIC = NO;
				GCC_NO_COMMON_BLOCKS = YES;
				GCC_OPTIMIZATION_LEVEL = 0;
				GCC_PREPROCESSOR_DEFINITIONS = (
					"DEBUG=1",
					"$(inherited)",
				);
				GCC_WARN_64_TO_32_BIT_CONVERSION = YES;
				GCC_WARN_ABOUT_RETURN_TYPE = YES_ERROR;
				GCC_WARN_UNDECLARED_SELECTOR = YES;
				GCC_WARN_UNINITIALIZED_AUTOS = YES_AGGRESSIVE;
				GCC_WARN_UNUSED_FUNCTION = YES;
				GCC_WARN_UNUSED_VARIABLE = YES;
				IPHONEOS_DEPLOYMENT_TARGET = 11.3;
				MTL_ENABLE_DEBUG_INFO = YES;
				ONLY_ACTIVE_ARCH = YES;
				SDKROOT = iphoneos;
			};
			name = Debug;
		};
		2ECC46ED2074027400C67388 /* Release */ = {
			isa = XCBuildConfiguration;
			buildSettings = {
				ALWAYS_SEARCH_USER_PATHS = NO;
				CLANG_ANALYZER_NONNULL = YES;
				CLANG_ANALYZER_NUMBER_OBJECT_CONVERSION = YES_AGGRESSIVE;
				CLANG_CXX_LANGUAGE_STANDARD = "gnu++14";
				CLANG_CXX_LIBRARY = "libc++";
				CLANG_ENABLE_MODULES = YES;
				CLANG_ENABLE_OBJC_ARC = YES;
				CLANG_ENABLE_OBJC_WEAK = YES;
				CLANG_WARN_BLOCK_CAPTURE_AUTORELEASING = YES;
				CLANG_WARN_BOOL_CONVERSION = YES;
				CLANG_WARN_COMMA = YES;
				CLANG_WARN_CONSTANT_CONVERSION = YES;
				CLANG_WARN_DEPRECATED_OBJC_IMPLEMENTATIONS = YES;
				CLANG_WARN_DIRECT_OBJC_ISA_USAGE = YES_ERROR;
				CLANG_WARN_DOCUMENTATION_COMMENTS = YES;
				CLANG_WARN_EMPTY_BODY = YES;
				CLANG_WARN_ENUM_CONVERSION = YES;
				CLANG_WARN_INFINITE_RECURSION = YES;
				CLANG_WARN_INT_CONVERSION = YES;
				CLANG_WARN_NON_LITERAL_NULL_CONVERSION = YES;
				CLANG_WARN_OBJC_IMPLICIT_RETAIN_SELF = YES;
				CLANG_WARN_OBJC_LITERAL_CONVERSION = YES;
				CLANG_WARN_OBJC_ROOT_CLASS = YES_ERROR;
				CLANG_WARN_RANGE_LOOP_ANALYSIS = YES;
				CLANG_WARN_STRICT_PROTOTYPES = YES;
				CLANG_WARN_SUSPICIOUS_MOVE = YES;
				CLANG_WARN_UNGUARDED_AVAILABILITY = YES_AGGRESSIVE;
				CLANG_WARN_UNREACHABLE_CODE = YES;
				CLANG_WARN__DUPLICATE_METHOD_MATCH = YES;
				CODE_SIGN_IDENTITY = "iPhone Developer";
				COPY_PHASE_STRIP = NO;
				DEBUG_INFORMATION_FORMAT = "dwarf-with-dsym";
				ENABLE_NS_ASSERTIONS = NO;
				ENABLE_STRICT_OBJC_MSGSEND = YES;
				GCC_C_LANGUAGE_STANDARD = gnu11;
				GCC_NO_COMMON_BLOCKS = YES;
				GCC_WARN_64_TO_32_BIT_CONVERSION = YES;
				GCC_WARN_ABOUT_RETURN_TYPE = YES_ERROR;
				GCC_WARN_UNDECLARED_SELECTOR = YES;
				GCC_WARN_UNINITIALIZED_AUTOS = YES_AGGRESSIVE;
				GCC_WARN_UNUSED_FUNCTION = YES;
				GCC_WARN_UNUSED_VARIABLE = YES;
				IPHONEOS_DEPLOYMENT_TARGET = 11.3;
				MTL_ENABLE_DEBUG_INFO = NO;
				SDKROOT = iphoneos;
				VALIDATE_PRODUCT = YES;
			};
			name = Release;
		};
		2ECC46EF2074027400C67388 /* Debug */ = {
			isa = XCBuildConfiguration;
			buildSettings = {
				ASSETCATALOG_COMPILER_APPICON_NAME = AppIcon;
				CODE_SIGN_IDENTITY = "iPhone Developer";
				CODE_SIGN_STYLE = Automatic;
				DEVELOPMENT_TEAM = VJ2YH44BQ3;
				INFOPLIST_FILE = "$(SRCROOT)/Open2FA iOS/Info-iOS.plist";
				LD_RUNPATH_SEARCH_PATHS = (
					"$(inherited)",
					"@executable_path/Frameworks",
				);
				PRODUCT_BUNDLE_IDENTIFIER = me.andrewfischer.Open2FA;
				PRODUCT_NAME = "$(TARGET_NAME)";
				PROVISIONING_PROFILE_SPECIFIER = "";
				TARGETED_DEVICE_FAMILY = "1,2";
			};
			name = Debug;
		};
		2ECC46F02074027400C67388 /* Release */ = {
			isa = XCBuildConfiguration;
			buildSettings = {
				ASSETCATALOG_COMPILER_APPICON_NAME = AppIcon;
				CODE_SIGN_IDENTITY = "iPhone Developer";
				CODE_SIGN_STYLE = Automatic;
				DEVELOPMENT_TEAM = VJ2YH44BQ3;
				INFOPLIST_FILE = "$(SRCROOT)/Open2FA iOS/Info-iOS.plist";
				LD_RUNPATH_SEARCH_PATHS = (
					"$(inherited)",
					"@executable_path/Frameworks",
				);
				PRODUCT_BUNDLE_IDENTIFIER = me.andrewfischer.Open2FA;
				PRODUCT_NAME = "$(TARGET_NAME)";
				PROVISIONING_PROFILE_SPECIFIER = "";
				TARGETED_DEVICE_FAMILY = "1,2";
			};
			name = Release;
		};
		2ECC46F22074027400C67388 /* Debug */ = {
			isa = XCBuildConfiguration;
			buildSettings = {
				BUNDLE_LOADER = "$(TEST_HOST)";
				CODE_SIGN_STYLE = Automatic;
				DEVELOPMENT_TEAM = VJ2YH44BQ3;
				INFOPLIST_FILE = Open2FATests/Info.plist;
				LD_RUNPATH_SEARCH_PATHS = (
					"$(inherited)",
					"@executable_path/Frameworks",
					"@loader_path/Frameworks",
				);
				PRODUCT_BUNDLE_IDENTIFIER = me.andrewfischer.Open2FATests;
				PRODUCT_NAME = "$(TARGET_NAME)";
				TARGETED_DEVICE_FAMILY = "1,2";
				TEST_HOST = "$(BUILT_PRODUCTS_DIR)/Open2FA.app/Open2FA";
			};
			name = Debug;
		};
		2ECC46F32074027400C67388 /* Release */ = {
			isa = XCBuildConfiguration;
			buildSettings = {
				BUNDLE_LOADER = "$(TEST_HOST)";
				CODE_SIGN_STYLE = Automatic;
				DEVELOPMENT_TEAM = VJ2YH44BQ3;
				INFOPLIST_FILE = Open2FATests/Info.plist;
				LD_RUNPATH_SEARCH_PATHS = (
					"$(inherited)",
					"@executable_path/Frameworks",
					"@loader_path/Frameworks",
				);
				PRODUCT_BUNDLE_IDENTIFIER = me.andrewfischer.Open2FATests;
				PRODUCT_NAME = "$(TARGET_NAME)";
				TARGETED_DEVICE_FAMILY = "1,2";
				TEST_HOST = "$(BUILT_PRODUCTS_DIR)/Open2FA.app/Open2FA";
			};
			name = Release;
		};
		2ECC46F52074027400C67388 /* Debug */ = {
			isa = XCBuildConfiguration;
			buildSettings = {
				CODE_SIGN_STYLE = Automatic;
				DEVELOPMENT_TEAM = VJ2YH44BQ3;
				INFOPLIST_FILE = Open2FAUITests/Info.plist;
				LD_RUNPATH_SEARCH_PATHS = (
					"$(inherited)",
					"@executable_path/Frameworks",
					"@loader_path/Frameworks",
				);
				PRODUCT_BUNDLE_IDENTIFIER = me.andrewfischer.Open2FAUITests;
				PRODUCT_NAME = "$(TARGET_NAME)";
				TARGETED_DEVICE_FAMILY = "1,2";
				TEST_TARGET_NAME = Open2FA;
			};
			name = Debug;
		};
		2ECC46F62074027400C67388 /* Release */ = {
			isa = XCBuildConfiguration;
			buildSettings = {
				CODE_SIGN_STYLE = Automatic;
				DEVELOPMENT_TEAM = VJ2YH44BQ3;
				INFOPLIST_FILE = Open2FAUITests/Info.plist;
				LD_RUNPATH_SEARCH_PATHS = (
					"$(inherited)",
					"@executable_path/Frameworks",
					"@loader_path/Frameworks",
				);
				PRODUCT_BUNDLE_IDENTIFIER = me.andrewfischer.Open2FAUITests;
				PRODUCT_NAME = "$(TARGET_NAME)";
				TARGETED_DEVICE_FAMILY = "1,2";
				TEST_TARGET_NAME = Open2FA;
			};
			name = Release;
		};
/* End XCBuildConfiguration section */

/* Begin XCConfigurationList section */
		2E0803322090E40200DF30E1 /* Build configuration list for PBXNativeTarget "Open2FA Watch Extension" */ = {
			isa = XCConfigurationList;
			buildConfigurations = (
				2E0803332090E40200DF30E1 /* Debug */,
				2E0803342090E40200DF30E1 /* Release */,
			);
			defaultConfigurationIsVisible = 0;
			defaultConfigurationName = Release;
		};
		2E0803362090E40200DF30E1 /* Build configuration list for PBXNativeTarget "Open2FA Watch" */ = {
			isa = XCConfigurationList;
			buildConfigurations = (
				2E0803372090E40200DF30E1 /* Debug */,
				2E0803382090E40200DF30E1 /* Release */,
			);
			defaultConfigurationIsVisible = 0;
			defaultConfigurationName = Release;
		};
		2ECC46BD2074027300C67388 /* Build configuration list for PBXProject "Open2FA" */ = {
			isa = XCConfigurationList;
			buildConfigurations = (
				2ECC46EC2074027400C67388 /* Debug */,
				2ECC46ED2074027400C67388 /* Release */,
			);
			defaultConfigurationIsVisible = 0;
			defaultConfigurationName = Release;
		};
		2ECC46EE2074027400C67388 /* Build configuration list for PBXNativeTarget "Open2FA" */ = {
			isa = XCConfigurationList;
			buildConfigurations = (
				2ECC46EF2074027400C67388 /* Debug */,
				2ECC46F02074027400C67388 /* Release */,
			);
			defaultConfigurationIsVisible = 0;
			defaultConfigurationName = Release;
		};
		2ECC46F12074027400C67388 /* Build configuration list for PBXNativeTarget "Open2FATests" */ = {
			isa = XCConfigurationList;
			buildConfigurations = (
				2ECC46F22074027400C67388 /* Debug */,
				2ECC46F32074027400C67388 /* Release */,
			);
			defaultConfigurationIsVisible = 0;
			defaultConfigurationName = Release;
		};
		2ECC46F42074027400C67388 /* Build configuration list for PBXNativeTarget "Open2FAUITests" */ = {
			isa = XCConfigurationList;
			buildConfigurations = (
				2ECC46F52074027400C67388 /* Debug */,
				2ECC46F62074027400C67388 /* Release */,
			);
			defaultConfigurationIsVisible = 0;
			defaultConfigurationName = Release;
		};
/* End XCConfigurationList section */
	};
	rootObject = 2ECC46BA2074027300C67388 /* Project object */;
}
